
Microsoft Visual Studio Solution File, Format Version 12.00
# Visual Studio Version 17
VisualStudioVersion = 17.13.35818.85 d17.13
MinimumVisualStudioVersion = 10.0.40219.1
Project("{FAE04EC0-301F-11D3-BF4B-00C04F79EFBC}") = "DeliveryFeeAPI", "DeliveryFeeAPI\DeliveryFeeAPI.csproj", "{851E155E-0AFE-4E30-82AD-2DAD078854EA}"
EndProject
Global
	GlobalSection(SolutionConfigurationPlatforms) = preSolution
		Debug|Any CPU = Debug|Any CPU
		Release|Any CPU = Release|Any CPU
	EndGlobalSection
	GlobalSection(ProjectConfigurationPlatforms) = postSolution
		{851E155E-0AFE-4E30-82AD-2DAD078854EA}.Debug|Any CPU.ActiveCfg = Debug|Any CPU
		{851E155E-0AFE-4E30-82AD-2DAD078854EA}.Debug|Any CPU.Build.0 = Debug|Any CPU
		{851E155E-0AFE-4E30-82AD-2DAD078854EA}.Release|Any CPU.ActiveCfg = Release|Any CPU
		{851E155E-0AFE-4E30-82AD-2DAD078854EA}.Release|Any CPU.Build.0 = Release|Any CPU
	EndGlobalSection
	GlobalSection(SolutionProperties) = preSolution
		HideSolutionNode = FALSE
	EndGlobalSection
	GlobalSection(ExtensibilityGlobals) = postSolution
		SolutionGuid = {27655E95-A0ED-43C8-8C64-BD41C6CC5A9A}
	EndGlobalSection
EndGlobal
